// !$*UTF8*$!
{
	archiveVersion = 1;
	classes = {
	};
	objectVersion = 46;
	objects = {

/* Begin PBXBuildFile section */
		F79B24471AAC007D00EADB6D /* cond_variable_spsc.cpp in Sources */ = {isa = PBXBuildFile; fileRef = F79B24451AAC007D00EADB6D /* cond_variable_spsc.cpp */; };
		F79B244A1AAC816E00EADB6D /* cond_variable_spsc_v2.cpp in Sources */ = {isa = PBXBuildFile; fileRef = F79B24481AAC816E00EADB6D /* cond_variable_spsc_v2.cpp */; };
		F79D65F11AA8B76600CE5340 /* main.cpp in Sources */ = {isa = PBXBuildFile; fileRef = F79D65F01AA8B76600CE5340 /* main.cpp */; };
		F79D65F91AA8BD6200CE5340 /* unique_pointer.cpp in Sources */ = {isa = PBXBuildFile; fileRef = F79D65F71AA8BD6200CE5340 /* unique_pointer.cpp */; };
		F7D1E7861AAA191900F949C6 /* shared_pointer.cpp in Sources */ = {isa = PBXBuildFile; fileRef = F7D1E7841AAA191900F949C6 /* shared_pointer.cpp */; };
		F7D1E7891AAA19AE00F949C6 /* simple.cpp in Sources */ = {isa = PBXBuildFile; fileRef = F7D1E7871AAA19AE00F949C6 /* simple.cpp */; };
		F7D1E78C1AAA205B00F949C6 /* util.cpp in Sources */ = {isa = PBXBuildFile; fileRef = F7D1E78A1AAA205B00F949C6 /* util.cpp */; };
/* End PBXBuildFile section */

/* Begin PBXCopyFilesBuildPhase section */
		F79D65EB1AA8B76600CE5340 /* CopyFiles */ = {
			isa = PBXCopyFilesBuildPhase;
			buildActionMask = 2147483647;
			dstPath = /usr/share/man/man1/;
			dstSubfolderSpec = 0;
			files = (
			);
			runOnlyForDeploymentPostprocessing = 1;
		};
/* End PBXCopyFilesBuildPhase section */

/* Begin PBXFileReference section */
		F79B24451AAC007D00EADB6D /* cond_variable_spsc.cpp */ = {isa = PBXFileReference; fileEncoding = 4; lastKnownFileType = sourcecode.cpp.cpp; path = cond_variable_spsc.cpp; sourceTree = "<group>"; };
		F79B24461AAC007D00EADB6D /* cond_variable_spsc.h */ = {isa = PBXFileReference; fileEncoding = 4; lastKnownFileType = sourcecode.c.h; path = cond_variable_spsc.h; sourceTree = "<group>"; };
		F79B24481AAC816E00EADB6D /* cond_variable_spsc_v2.cpp */ = {isa = PBXFileReference; fileEncoding = 4; lastKnownFileType = sourcecode.cpp.cpp; path = cond_variable_spsc_v2.cpp; sourceTree = "<group>"; };
		F79B24491AAC816E00EADB6D /* cond_variable_spsc_v2.h */ = {isa = PBXFileReference; fileEncoding = 4; lastKnownFileType = sourcecode.c.h; path = cond_variable_spsc_v2.h; sourceTree = "<group>"; };
		F79D65ED1AA8B76600CE5340 /* cpp11try */ = {isa = PBXFileReference; explicitFileType = "compiled.mach-o.executable"; includeInIndex = 0; path = cpp11try; sourceTree = BUILT_PRODUCTS_DIR; };
		F79D65F01AA8B76600CE5340 /* main.cpp */ = {isa = PBXFileReference; lastKnownFileType = sourcecode.cpp.cpp; path = main.cpp; sourceTree = "<group>"; };
		F79D65F71AA8BD6200CE5340 /* unique_pointer.cpp */ = {isa = PBXFileReference; fileEncoding = 4; lastKnownFileType = sourcecode.cpp.cpp; path = unique_pointer.cpp; sourceTree = "<group>"; };
		F79D65F81AA8BD6200CE5340 /* unique_pointer.h */ = {isa = PBXFileReference; fileEncoding = 4; lastKnownFileType = sourcecode.c.h; path = unique_pointer.h; sourceTree = "<group>"; };
		F7D1E7841AAA191900F949C6 /* shared_pointer.cpp */ = {isa = PBXFileReference; fileEncoding = 4; lastKnownFileType = sourcecode.cpp.cpp; path = shared_pointer.cpp; sourceTree = "<group>"; };
		F7D1E7851AAA191900F949C6 /* shared_pointer.h */ = {isa = PBXFileReference; fileEncoding = 4; lastKnownFileType = sourcecode.c.h; path = shared_pointer.h; sourceTree = "<group>"; };
		F7D1E7871AAA19AE00F949C6 /* simple.cpp */ = {isa = PBXFileReference; fileEncoding = 4; lastKnownFileType = sourcecode.cpp.cpp; path = simple.cpp; sourceTree = "<group>"; };
		F7D1E7881AAA19AE00F949C6 /* simple.h */ = {isa = PBXFileReference; fileEncoding = 4; lastKnownFileType = sourcecode.c.h; path = simple.h; sourceTree = "<group>"; };
		F7D1E78A1AAA205B00F949C6 /* util.cpp */ = {isa = PBXFileReference; fileEncoding = 4; lastKnownFileType = sourcecode.cpp.cpp; path = util.cpp; sourceTree = "<group>"; };
		F7D1E78B1AAA205B00F949C6 /* util.h */ = {isa = PBXFileReference; fileEncoding = 4; lastKnownFileType = sourcecode.c.h; path = util.h; sourceTree = "<group>"; };
/* End PBXFileReference section */

/* Begin PBXFrameworksBuildPhase section */
		F79D65EA1AA8B76600CE5340 /* Frameworks */ = {
			isa = PBXFrameworksBuildPhase;
			buildActionMask = 2147483647;
			files = (
			);
			runOnlyForDeploymentPostprocessing = 0;
		};
/* End PBXFrameworksBuildPhase section */

/* Begin PBXGroup section */
		F79D65E41AA8B76600CE5340 = {
			isa = PBXGroup;
			children = (
				F79D65EF1AA8B76600CE5340 /* cpp11try */,
				F79D65EE1AA8B76600CE5340 /* Products */,
			);
			sourceTree = "<group>";
		};
		F79D65EE1AA8B76600CE5340 /* Products */ = {
			isa = PBXGroup;
			children = (
				F79D65ED1AA8B76600CE5340 /* cpp11try */,
			);
			name = Products;
			sourceTree = "<group>";
		};
		F79D65EF1AA8B76600CE5340 /* cpp11try */ = {
			isa = PBXGroup;
			children = (
				F79D65F01AA8B76600CE5340 /* main.cpp */,
				F79D65F71AA8BD6200CE5340 /* unique_pointer.cpp */,
				F79D65F81AA8BD6200CE5340 /* unique_pointer.h */,
				F7D1E7841AAA191900F949C6 /* shared_pointer.cpp */,
				F7D1E7851AAA191900F949C6 /* shared_pointer.h */,
				F7D1E7871AAA19AE00F949C6 /* simple.cpp */,
				F7D1E7881AAA19AE00F949C6 /* simple.h */,
				F7D1E78A1AAA205B00F949C6 /* util.cpp */,
				F7D1E78B1AAA205B00F949C6 /* util.h */,
				F79B24451AAC007D00EADB6D /* cond_variable_spsc.cpp */,
				F79B24461AAC007D00EADB6D /* cond_variable_spsc.h */,
				F79B24481AAC816E00EADB6D /* cond_variable_spsc_v2.cpp */,
				F79B24491AAC816E00EADB6D /* cond_variable_spsc_v2.h */,
			);
			path = cpp11try;
			sourceTree = "<group>";
		};
/* End PBXGroup section */

/* Begin PBXNativeTarget section */
		F79D65EC1AA8B76600CE5340 /* cpp11try */ = {
			isa = PBXNativeTarget;
			buildConfigurationList = F79D65F41AA8B76600CE5340 /* Build configuration list for PBXNativeTarget "cpp11try" */;
			buildPhases = (
				F79D65E91AA8B76600CE5340 /* Sources */,
				F79D65EA1AA8B76600CE5340 /* Frameworks */,
				F79D65EB1AA8B76600CE5340 /* CopyFiles */,
			);
			buildRules = (
			);
			dependencies = (
			);
			name = cpp11try;
			productName = cpp11try;
			productReference = F79D65ED1AA8B76600CE5340 /* cpp11try */;
			productType = "com.apple.product-type.tool";
		};
/* End PBXNativeTarget section */

/* Begin PBXProject section */
		F79D65E51AA8B76600CE5340 /* Project object */ = {
			isa = PBXProject;
			attributes = {
				LastUpgradeCheck = 0610;
				ORGANIZATIONNAME = rocketgofree;
				TargetAttributes = {
					F79D65EC1AA8B76600CE5340 = {
						CreatedOnToolsVersion = 6.1.1;
					};
				};
			};
			buildConfigurationList = F79D65E81AA8B76600CE5340 /* Build configuration list for PBXProject "cpp11try" */;
			compatibilityVersion = "Xcode 3.2";
			developmentRegion = English;
			hasScannedForEncodings = 0;
			knownRegions = (
				en,
			);
			mainGroup = F79D65E41AA8B76600CE5340;
			productRefGroup = F79D65EE1AA8B76600CE5340 /* Products */;
			projectDirPath = "";
			projectRoot = "";
			targets = (
				F79D65EC1AA8B76600CE5340 /* cpp11try */,
			);
		};
/* End PBXProject section */

/* Begin PBXSourcesBuildPhase section */
		F79D65E91AA8B76600CE5340 /* Sources */ = {
			isa = PBXSourcesBuildPhase;
			buildActionMask = 2147483647;
			files = (
				F7D1E7891AAA19AE00F949C6 /* simple.cpp in Sources */,
				F79D65F91AA8BD6200CE5340 /* unique_pointer.cpp in Sources */,
				F7D1E7861AAA191900F949C6 /* shared_pointer.cpp in Sources */,
				F79B244A1AAC816E00EADB6D /* cond_variable_spsc_v2.cpp in Sources */,
				F7D1E78C1AAA205B00F949C6 /* util.cpp in Sources */,
				F79D65F11AA8B76600CE5340 /* main.cpp in Sources */,
				F79B24471AAC007D00EADB6D /* cond_variable_spsc.cpp in Sources */,
			);
			runOnlyForDeploymentPostprocessing = 0;
		};
/* End PBXSourcesBuildPhase section */

/* Begin XCBuildConfiguration section */
		F79D65F21AA8B76600CE5340 /* Debug */ = {
			isa = XCBuildConfiguration;
			buildSettings = {
				ALWAYS_SEARCH_USER_PATHS = NO;
				CLANG_CXX_LANGUAGE_STANDARD = "gnu++0x";
				CLANG_CXX_LIBRARY = "libc++";
				CLANG_ENABLE_MODULES = YES;
				CLANG_ENABLE_OBJC_ARC = YES;
				CLANG_WARN_BOOL_CONVERSION = YES;
				CLANG_WARN_CONSTANT_CONVERSION = YES;
				CLANG_WARN_DIRECT_OBJC_ISA_USAGE = YES_ERROR;
				CLANG_WARN_EMPTY_BODY = YES;
				CLANG_WARN_ENUM_CONVERSION = YES;
				CLANG_WARN_INT_CONVERSION = YES;
				CLANG_WARN_OBJC_ROOT_CLASS = YES_ERROR;
				CLANG_WARN_UNREACHABLE_CODE = YES;
				CLANG_WARN__DUPLICATE_METHOD_MATCH = YES;
				COPY_PHASE_STRIP = NO;
				ENABLE_STRICT_OBJC_MSGSEND = YES;
				GCC_C_LANGUAGE_STANDARD = gnu99;
				GCC_DYNAMIC_NO_PIC = NO;
				GCC_OPTIMIZATION_LEVEL = 0;
				GCC_PREPROCESSOR_DEFINITIONS = (
					"DEBUG=1",
					"$(inherited)",
				);
				GCC_SYMBOLS_PRIVATE_EXTERN = NO;
				GCC_WARN_64_TO_32_BIT_CONVERSION = YES;
				GCC_WARN_ABOUT_RETURN_TYPE = YES_ERROR;
				GCC_WARN_UNDECLARED_SELECTOR = YES;
				GCC_WARN_UNINITIALIZED_AUTOS = YES_AGGRESSIVE;
				GCC_WARN_UNUSED_FUNCTION = YES;
				GCC_WARN_UNUSED_VARIABLE = YES;
				MACOSX_DEPLOYMENT_TARGET = 10.10;
				MTL_ENABLE_DEBUG_INFO = YES;
				ONLY_ACTIVE_ARCH = YES;
				SDKROOT = macosx;
			};
			name = Debug;
		};
		F79D65F31AA8B76600CE5340 /* Release */ = {
			isa = XCBuildConfiguration;
			buildSettings = {
				ALWAYS_SEARCH_USER_PATHS = NO;
				CLANG_CXX_LANGUAGE_STANDARD = "gnu++0x";
				CLANG_CXX_LIBRARY = "libc++";
				CLANG_ENABLE_MODULES = YES;
				CLANG_ENABLE_OBJC_ARC = YES;
				CLANG_WARN_BOOL_CONVERSION = YES;
				CLANG_WARN_CONSTANT_CONVERSION = YES;
				CLANG_WARN_DIRECT_OBJC_ISA_USAGE = YES_ERROR;
				CLANG_WARN_EMPTY_BODY = YES;
				CLANG_WARN_ENUM_CONVERSION = YES;
				CLANG_WARN_INT_CONVERSION = YES;
				CLANG_WARN_OBJC_ROOT_CLASS = YES_ERROR;
				CLANG_WARN_UNREACHABLE_CODE = YES;
				CLANG_WARN__DUPLICATE_METHOD_MATCH = YES;
				COPY_PHASE_STRIP = YES;
				DEBUG_INFORMATION_FORMAT = "dwarf-with-dsym";
				ENABLE_NS_ASSERTIONS = NO;
				ENABLE_STRICT_OBJC_MSGSEND = YES;
				GCC_C_LANGUAGE_STANDARD = gnu99;
				GCC_WARN_64_TO_32_BIT_CONVERSION = YES;
				GCC_WARN_ABOUT_RETURN_TYPE = YES_ERROR;
				GCC_WARN_UNDECLARED_SELECTOR = YES;
				GCC_WARN_UNINITIALIZED_AUTOS = YES_AGGRESSIVE;
				GCC_WARN_UNUSED_FUNCTION = YES;
				GCC_WARN_UNUSED_VARIABLE = YES;
				MACOSX_DEPLOYMENT_TARGET = 10.10;
				MTL_ENABLE_DEBUG_INFO = NO;
				SDKROOT = macosx;
			};
			name = Release;
		};
		F79D65F51AA8B76600CE5340 /* Debug */ = {
			isa = XCBuildConfiguration;
			buildSettings = {
				CLANG_CXX_LANGUAGE_STANDARD = "c++0x";
				ONLY_ACTIVE_ARCH = YES;
				PRODUCT_NAME = "$(TARGET_NAME)";
			};
			name = Debug;
		};
		F79D65F61AA8B76600CE5340 /* Release */ = {
			isa = XCBuildConfiguration;
			buildSettings = {
				CLANG_CXX_LANGUAGE_STANDARD = "c++0x";
				ONLY_ACTIVE_ARCH = NO;
				PRODUCT_NAME = "$(TARGET_NAME)";
			};
			name = Release;
		};
/* End XCBuildConfiguration section */

/* Begin XCConfigurationList section */
		F79D65E81AA8B76600CE5340 /* Build configuration list for PBXProject "cpp11try" */ = {
			isa = XCConfigurationList;
			buildConfigurations = (
				F79D65F21AA8B76600CE5340 /* Debug */,
				F79D65F31AA8B76600CE5340 /* Release */,
			);
			defaultConfigurationIsVisible = 0;
			defaultConfigurationName = Release;
		};
		F79D65F41AA8B76600CE5340 /* Build configuration list for PBXNativeTarget "cpp11try" */ = {
			isa = XCConfigurationList;
			buildConfigurations = (
				F79D65F51AA8B76600CE5340 /* Debug */,
				F79D65F61AA8B76600CE5340 /* Release */,
			);
			defaultConfigurationIsVisible = 0;
			defaultConfigurationName = Release;
		};
/* End XCConfigurationList section */
	};
	rootObject = F79D65E51AA8B76600CE5340 /* Project object */;
}
